
Microsoft Visual Studio Solution File, Format Version 12.00
# Visual Studio Version 16
VisualStudioVersion = 16.0.32510.428
MinimumVisualStudioVersion = 10.0.40219.1
Project("{9A19103F-16F7-4668-BE54-9A1E7A4F7556}") = "TEST.DatabaseBackup", "TEST.DatabaseBackup\TEST.DatabaseBackup.csproj", "{C94DEC36-EB84-4095-BBE7-5B13347372F5}"
EndProject
Project("{FAE04EC0-301F-11D3-BF4B-00C04F79EFBC}") = "TEST.DatabaseBackup.UnitTests", "TEST.DatabaseBackup.UnitTests\TEST.DatabaseBackup.UnitTests.csproj", "{C63ABFE0-C665-47F1-9A39-178F162639A0}"
EndProject
Global
	GlobalSection(SolutionConfigurationPlatforms) = preSolution
		Debug|Any CPU = Debug|Any CPU
		Release|Any CPU = Release|Any CPU
	EndGlobalSection
	GlobalSection(ProjectConfigurationPlatforms) = postSolution
		{C94DEC36-EB84-4095-BBE7-5B13347372F5}.Debug|Any CPU.ActiveCfg = Debug|Any CPU
		{C94DEC36-EB84-4095-BBE7-5B13347372F5}.Debug|Any CPU.Build.0 = Debug|Any CPU
		{C94DEC36-EB84-4095-BBE7-5B13347372F5}.Release|Any CPU.ActiveCfg = Release|Any CPU
		{C94DEC36-EB84-4095-BBE7-5B13347372F5}.Release|Any CPU.Build.0 = Release|Any CPU
		{C63ABFE0-C665-47F1-9A39-178F162639A0}.Debug|Any CPU.ActiveCfg = Debug|Any CPU
		{C63ABFE0-C665-47F1-9A39-178F162639A0}.Debug|Any CPU.Build.0 = Debug|Any CPU
		{C63ABFE0-C665-47F1-9A39-178F162639A0}.Release|Any CPU.ActiveCfg = Release|Any CPU
		{C63ABFE0-C665-47F1-9A39-178F162639A0}.Release|Any CPU.Build.0 = Release|Any CPU
	EndGlobalSection
	GlobalSection(SolutionProperties) = preSolution
		HideSolutionNode = FALSE
	EndGlobalSection
	GlobalSection(ExtensibilityGlobals) = postSolution
		SolutionGuid = {6C56EF50-32FE-475B-8B6F-154D18D62E9D}
	EndGlobalSection
EndGlobal
